// !$*UTF8*$!
{
	archiveVersion = 1;
	classes = {
	};
	objectVersion = 56;
	objects = {

/* Begin PBXBuildFile section */
		8D2EAAEF2A5D5CB200684127 /* FirebaseFirestore in Frameworks */ = {isa = PBXBuildFile; productRef = 8D2EAAEE2A5D5CB200684127 /* FirebaseFirestore */; };
		8D2EAAF12A5D5CB200684127 /* FirebaseFirestoreSwift in Frameworks */ = {isa = PBXBuildFile; productRef = 8D2EAAF02A5D5CB200684127 /* FirebaseFirestoreSwift */; };
		8D2EAAF32A5D5EF700684127 /* FirestoreManager.swift in Sources */ = {isa = PBXBuildFile; fileRef = 8D2EAAF22A5D5EF700684127 /* FirestoreManager.swift */; };
		8D2EAAF52A5D612800684127 /* String+Extension.swift in Sources */ = {isa = PBXBuildFile; fileRef = 8D2EAAF42A5D612800684127 /* String+Extension.swift */; };
		8D2EAAF72A5D65DC00684127 /* TimeRecord.swift in Sources */ = {isa = PBXBuildFile; fileRef = 8D2EAAF62A5D65DC00684127 /* TimeRecord.swift */; };
		8D2EAAF92A5D67B100684127 /* GoogleService-Info.plist in Resources */ = {isa = PBXBuildFile; fileRef = 8D2EAAF82A5D67B100684127 /* GoogleService-Info.plist */; };
		8D2EAAFB2A5E7F1600684127 /* Month.swift in Sources */ = {isa = PBXBuildFile; fileRef = 8D2EAAFA2A5E7F1600684127 /* Month.swift */; };
		8D2EAAFD2A5E92D900684127 /* Date+Extension.swift in Sources */ = {isa = PBXBuildFile; fileRef = 8D2EAAFC2A5E92D900684127 /* Date+Extension.swift */; };
		8D2EAB052A5FD7B400684127 /* RecordListViewModel.swift in Sources */ = {isa = PBXBuildFile; fileRef = 8D2EAB042A5FD7B400684127 /* RecordListViewModel.swift */; };
		8D2EAB072A5FEF6A00684127 /* PunchClockViewModel.swift in Sources */ = {isa = PBXBuildFile; fileRef = 8D2EAB062A5FEF6A00684127 /* PunchClockViewModel.swift */; };
		8D2EAB092A60016900684127 /* SettingViewModel.swift in Sources */ = {isa = PBXBuildFile; fileRef = 8D2EAB082A60016900684127 /* SettingViewModel.swift */; };
		8D2EAB0B2A6005C900684127 /* RecordListViewController.swift in Sources */ = {isa = PBXBuildFile; fileRef = 8D2EAB0A2A6005C900684127 /* RecordListViewController.swift */; };
		8D2F704E2A677F1100348082 /* LocationService.swift in Sources */ = {isa = PBXBuildFile; fileRef = 8D2F704D2A677F1100348082 /* LocationService.swift */; };
		8D2F70502A6798E200348082 /* UIView+Extension.swift in Sources */ = {isa = PBXBuildFile; fileRef = 8D2F704F2A6798E200348082 /* UIView+Extension.swift */; };
		8D30460C2A6D069A00AB0C43 /* ShapeBg.swift in Sources */ = {isa = PBXBuildFile; fileRef = 8D30460B2A6D069A00AB0C43 /* ShapeBg.swift */; };
		8D36D9CA2A725FEE00502697 /* timeButton.swift in Sources */ = {isa = PBXBuildFile; fileRef = 8D36D9C92A725FEE00502697 /* timeButton.swift */; };
		8D3997492A6F67F400124000 /* SettingTableViewController.swift in Sources */ = {isa = PBXBuildFile; fileRef = 8D3997482A6F67F400124000 /* SettingTableViewController.swift */; };
		8D39974F2A70F93A00124000 /* UIButton+Extension.swift in Sources */ = {isa = PBXBuildFile; fileRef = 8D39974E2A70F93A00124000 /* UIButton+Extension.swift */; };
		8D3997512A71284A00124000 /* UIColor+extension.swift in Sources */ = {isa = PBXBuildFile; fileRef = 8D3997502A71284A00124000 /* UIColor+extension.swift */; };
		8D3BA63E2A6D785A0040CF4E /* Quote.swift in Sources */ = {isa = PBXBuildFile; fileRef = 8D3BA63D2A6D785A0040CF4E /* Quote.swift */; };
		8D3BA6412A6D7AC20040CF4E /* RecordsType.swift in Sources */ = {isa = PBXBuildFile; fileRef = 8D3BA6402A6D7AC20040CF4E /* RecordsType.swift */; };
		8D5C0B7C2A5D3A6400AC89B5 /* AppDelegate.swift in Sources */ = {isa = PBXBuildFile; fileRef = 8D5C0B7B2A5D3A6400AC89B5 /* AppDelegate.swift */; };
		8D5C0B7E2A5D3A6400AC89B5 /* SceneDelegate.swift in Sources */ = {isa = PBXBuildFile; fileRef = 8D5C0B7D2A5D3A6400AC89B5 /* SceneDelegate.swift */; };
		8D5C0B832A5D3A6400AC89B5 /* Main.storyboard in Resources */ = {isa = PBXBuildFile; fileRef = 8D5C0B812A5D3A6400AC89B5 /* Main.storyboard */; };
		8D5C0B852A5D3A6500AC89B5 /* Assets.xcassets in Resources */ = {isa = PBXBuildFile; fileRef = 8D5C0B842A5D3A6500AC89B5 /* Assets.xcassets */; };
		8D5C0B882A5D3A6500AC89B5 /* LaunchScreen.storyboard in Resources */ = {isa = PBXBuildFile; fileRef = 8D5C0B862A5D3A6500AC89B5 /* LaunchScreen.storyboard */; };
		8D5C0B902A5D3AA900AC89B5 /* MainViewController.swift in Sources */ = {isa = PBXBuildFile; fileRef = 8D5C0B8F2A5D3AA900AC89B5 /* MainViewController.swift */; };
		8D5C0B922A5D3ACB00AC89B5 /* LogInManager.swift in Sources */ = {isa = PBXBuildFile; fileRef = 8D5C0B912A5D3ACB00AC89B5 /* LogInManager.swift */; };
/* End PBXBuildFile section */

/* Begin PBXFileReference section */
		8D2EAAF22A5D5EF700684127 /* FirestoreManager.swift */ = {isa = PBXFileReference; lastKnownFileType = sourcecode.swift; path = FirestoreManager.swift; sourceTree = "<group>"; };
		8D2EAAF42A5D612800684127 /* String+Extension.swift */ = {isa = PBXFileReference; lastKnownFileType = sourcecode.swift; path = "String+Extension.swift"; sourceTree = "<group>"; };
		8D2EAAF62A5D65DC00684127 /* TimeRecord.swift */ = {isa = PBXFileReference; lastKnownFileType = sourcecode.swift; path = TimeRecord.swift; sourceTree = "<group>"; };
		8D2EAAF82A5D67B100684127 /* GoogleService-Info.plist */ = {isa = PBXFileReference; fileEncoding = 4; lastKnownFileType = text.plist.xml; path = "GoogleService-Info.plist"; sourceTree = "<group>"; };
		8D2EAAFA2A5E7F1600684127 /* Month.swift */ = {isa = PBXFileReference; lastKnownFileType = sourcecode.swift; path = Month.swift; sourceTree = "<group>"; };
		8D2EAAFC2A5E92D900684127 /* Date+Extension.swift */ = {isa = PBXFileReference; lastKnownFileType = sourcecode.swift; path = "Date+Extension.swift"; sourceTree = "<group>"; };
		8D2EAB042A5FD7B400684127 /* RecordListViewModel.swift */ = {isa = PBXFileReference; lastKnownFileType = sourcecode.swift; path = RecordListViewModel.swift; sourceTree = "<group>"; };
		8D2EAB062A5FEF6A00684127 /* PunchClockViewModel.swift */ = {isa = PBXFileReference; lastKnownFileType = sourcecode.swift; path = PunchClockViewModel.swift; sourceTree = "<group>"; };
		8D2EAB082A60016900684127 /* SettingViewModel.swift */ = {isa = PBXFileReference; lastKnownFileType = sourcecode.swift; path = SettingViewModel.swift; sourceTree = "<group>"; };
		8D2EAB0A2A6005C900684127 /* RecordListViewController.swift */ = {isa = PBXFileReference; lastKnownFileType = sourcecode.swift; path = RecordListViewController.swift; sourceTree = "<group>"; };
		8D2F704D2A677F1100348082 /* LocationService.swift */ = {isa = PBXFileReference; lastKnownFileType = sourcecode.swift; path = LocationService.swift; sourceTree = "<group>"; };
		8D2F704F2A6798E200348082 /* UIView+Extension.swift */ = {isa = PBXFileReference; lastKnownFileType = sourcecode.swift; path = "UIView+Extension.swift"; sourceTree = "<group>"; };
		8D30460B2A6D069A00AB0C43 /* ShapeBg.swift */ = {isa = PBXFileReference; fileEncoding = 4; lastKnownFileType = sourcecode.swift; path = ShapeBg.swift; sourceTree = "<group>"; };
		8D36D9C92A725FEE00502697 /* timeButton.swift */ = {isa = PBXFileReference; lastKnownFileType = sourcecode.swift; path = timeButton.swift; sourceTree = "<group>"; };
		8D3997482A6F67F400124000 /* SettingTableViewController.swift */ = {isa = PBXFileReference; lastKnownFileType = sourcecode.swift; path = SettingTableViewController.swift; sourceTree = "<group>"; };
		8D39974E2A70F93A00124000 /* UIButton+Extension.swift */ = {isa = PBXFileReference; lastKnownFileType = sourcecode.swift; path = "UIButton+Extension.swift"; sourceTree = "<group>"; };
		8D3997502A71284A00124000 /* UIColor+extension.swift */ = {isa = PBXFileReference; lastKnownFileType = sourcecode.swift; path = "UIColor+extension.swift"; sourceTree = "<group>"; };
		8D3BA63D2A6D785A0040CF4E /* Quote.swift */ = {isa = PBXFileReference; lastKnownFileType = sourcecode.swift; name = Quote.swift; path = PunchClock/Model/Quote.swift; sourceTree = SOURCE_ROOT; };
		8D3BA6402A6D7AC20040CF4E /* RecordsType.swift */ = {isa = PBXFileReference; lastKnownFileType = sourcecode.swift; path = RecordsType.swift; sourceTree = "<group>"; };
		8D5C0B782A5D3A6400AC89B5 /* PunchClock.app */ = {isa = PBXFileReference; explicitFileType = wrapper.application; includeInIndex = 0; path = PunchClock.app; sourceTree = BUILT_PRODUCTS_DIR; };
		8D5C0B7B2A5D3A6400AC89B5 /* AppDelegate.swift */ = {isa = PBXFileReference; lastKnownFileType = sourcecode.swift; path = AppDelegate.swift; sourceTree = "<group>"; };
		8D5C0B7D2A5D3A6400AC89B5 /* SceneDelegate.swift */ = {isa = PBXFileReference; lastKnownFileType = sourcecode.swift; path = SceneDelegate.swift; sourceTree = "<group>"; };
		8D5C0B822A5D3A6400AC89B5 /* Base */ = {isa = PBXFileReference; lastKnownFileType = file.storyboard; name = Base; path = Base.lproj/Main.storyboard; sourceTree = "<group>"; };
		8D5C0B842A5D3A6500AC89B5 /* Assets.xcassets */ = {isa = PBXFileReference; lastKnownFileType = folder.assetcatalog; path = Assets.xcassets; sourceTree = "<group>"; };
		8D5C0B872A5D3A6500AC89B5 /* Base */ = {isa = PBXFileReference; lastKnownFileType = file.storyboard; name = Base; path = Base.lproj/LaunchScreen.storyboard; sourceTree = "<group>"; };
		8D5C0B892A5D3A6500AC89B5 /* Info.plist */ = {isa = PBXFileReference; lastKnownFileType = text.plist.xml; path = Info.plist; sourceTree = "<group>"; };
		8D5C0B8F2A5D3AA900AC89B5 /* MainViewController.swift */ = {isa = PBXFileReference; lastKnownFileType = sourcecode.swift; path = MainViewController.swift; sourceTree = "<group>"; };
		8D5C0B912A5D3ACB00AC89B5 /* LogInManager.swift */ = {isa = PBXFileReference; lastKnownFileType = sourcecode.swift; path = LogInManager.swift; sourceTree = "<group>"; };
		8D5C0B932A5D5A4500AC89B5 /* PunchClock.entitlements */ = {isa = PBXFileReference; lastKnownFileType = text.plist.entitlements; path = PunchClock.entitlements; sourceTree = "<group>"; };
/* End PBXFileReference section */

/* Begin PBXFrameworksBuildPhase section */
		8D5C0B752A5D3A6400AC89B5 /* Frameworks */ = {
			isa = PBXFrameworksBuildPhase;
			buildActionMask = 2147483647;
			files = (
				8D2EAAEF2A5D5CB200684127 /* FirebaseFirestore in Frameworks */,
				8D2EAAF12A5D5CB200684127 /* FirebaseFirestoreSwift in Frameworks */,
			);
			runOnlyForDeploymentPostprocessing = 0;
		};
/* End PBXFrameworksBuildPhase section */

/* Begin PBXGroup section */
		8D2EAAFE2A5E94AF00684127 /* Manager */ = {
			isa = PBXGroup;
			children = (
				8D2EAAF22A5D5EF700684127 /* FirestoreManager.swift */,
				8D5C0B912A5D3ACB00AC89B5 /* LogInManager.swift */,
				8D2F704D2A677F1100348082 /* LocationService.swift */,
			);
			path = Manager;
			sourceTree = "<group>";
		};
		8D2EAAFF2A5E94D000684127 /* Extension */ = {
			isa = PBXGroup;
			children = (
				8D39974E2A70F93A00124000 /* UIButton+Extension.swift */,
				8D2F704F2A6798E200348082 /* UIView+Extension.swift */,
				8D3997502A71284A00124000 /* UIColor+extension.swift */,
				8D2EAAFC2A5E92D900684127 /* Date+Extension.swift */,
				8D2EAAF42A5D612800684127 /* String+Extension.swift */,
			);
			path = Extension;
			sourceTree = "<group>";
		};
		8D2EAB002A5E94E300684127 /* Model */ = {
			isa = PBXGroup;
			children = (
				8D2EAAFA2A5E7F1600684127 /* Month.swift */,
				8D2EAAF62A5D65DC00684127 /* TimeRecord.swift */,
				8D3BA63D2A6D785A0040CF4E /* Quote.swift */,
			);
			path = Model;
			sourceTree = "<group>";
		};
		8D2EAB032A5FD63A00684127 /* View Model */ = {
			isa = PBXGroup;
			children = (
				8D2EAB062A5FEF6A00684127 /* PunchClockViewModel.swift */,
				8D2EAB082A60016900684127 /* SettingViewModel.swift */,
				8D2EAB042A5FD7B400684127 /* RecordListViewModel.swift */,
			);
			path = "View Model";
			sourceTree = "<group>";
		};
		8D36D9C82A725FBD00502697 /* View */ = {
			isa = PBXGroup;
			children = (
				8D36D9C92A725FEE00502697 /* timeButton.swift */,
				8D30460B2A6D069A00AB0C43 /* ShapeBg.swift */,
			);
			path = View;
			sourceTree = "<group>";
		};
		8D3BA63F2A6D7A430040CF4E /* Controller */ = {
			isa = PBXGroup;
			children = (
				8D3997482A6F67F400124000 /* SettingTableViewController.swift */,
				8D5C0B8F2A5D3AA900AC89B5 /* MainViewController.swift */,
				8D2EAB0A2A6005C900684127 /* RecordListViewController.swift */,
			);
			path = Controller;
			sourceTree = "<group>";
		};
		8D5C0B6F2A5D3A6400AC89B5 = {
			isa = PBXGroup;
			children = (
				8D5C0B7A2A5D3A6400AC89B5 /* PunchClock */,
				8D5C0B792A5D3A6400AC89B5 /* Products */,
			);
			sourceTree = "<group>";
		};
		8D5C0B792A5D3A6400AC89B5 /* Products */ = {
			isa = PBXGroup;
			children = (
				8D5C0B782A5D3A6400AC89B5 /* PunchClock.app */,
			);
			name = Products;
			sourceTree = "<group>";
		};
		8D5C0B7A2A5D3A6400AC89B5 /* PunchClock */ = {
			isa = PBXGroup;
			children = (
				8D5C0B932A5D5A4500AC89B5 /* PunchClock.entitlements */,
				8D5C0B7B2A5D3A6400AC89B5 /* AppDelegate.swift */,
				8D5C0B7D2A5D3A6400AC89B5 /* SceneDelegate.swift */,
				8D3BA6402A6D7AC20040CF4E /* RecordsType.swift */,
				8D36D9C82A725FBD00502697 /* View */,
				8D3BA63F2A6D7A430040CF4E /* Controller */,
				8D2EAB032A5FD63A00684127 /* View Model */,
				8D2EAB002A5E94E300684127 /* Model */,
				8D2EAAFF2A5E94D000684127 /* Extension */,
				8D2EAAFE2A5E94AF00684127 /* Manager */,
				8D5C0B812A5D3A6400AC89B5 /* Main.storyboard */,
				8D5C0B842A5D3A6500AC89B5 /* Assets.xcassets */,
				8D5C0B862A5D3A6500AC89B5 /* LaunchScreen.storyboard */,
				8D5C0B892A5D3A6500AC89B5 /* Info.plist */,
				8D2EAAF82A5D67B100684127 /* GoogleService-Info.plist */,
			);
			path = PunchClock;
			sourceTree = "<group>";
		};
/* End PBXGroup section */

/* Begin PBXNativeTarget section */
		8D5C0B772A5D3A6400AC89B5 /* PunchClock */ = {
			isa = PBXNativeTarget;
			buildConfigurationList = 8D5C0B8C2A5D3A6500AC89B5 /* Build configuration list for PBXNativeTarget "PunchClock" */;
			buildPhases = (
				8D5C0B742A5D3A6400AC89B5 /* Sources */,
				8D5C0B752A5D3A6400AC89B5 /* Frameworks */,
				8D5C0B762A5D3A6400AC89B5 /* Resources */,
			);
			buildRules = (
			);
			dependencies = (
			);
			name = PunchClock;
			packageProductDependencies = (
				8D2EAAEE2A5D5CB200684127 /* FirebaseFirestore */,
				8D2EAAF02A5D5CB200684127 /* FirebaseFirestoreSwift */,
			);
			productName = PunchClock;
			productReference = 8D5C0B782A5D3A6400AC89B5 /* PunchClock.app */;
			productType = "com.apple.product-type.application";
		};
/* End PBXNativeTarget section */

/* Begin PBXProject section */
		8D5C0B702A5D3A6400AC89B5 /* Project object */ = {
			isa = PBXProject;
			attributes = {
				BuildIndependentTargetsInParallel = 1;
				LastSwiftUpdateCheck = 1430;
				LastUpgradeCheck = 1430;
				TargetAttributes = {
					8D5C0B772A5D3A6400AC89B5 = {
						CreatedOnToolsVersion = 14.3;
					};
				};
			};
			buildConfigurationList = 8D5C0B732A5D3A6400AC89B5 /* Build configuration list for PBXProject "PunchClock" */;
			compatibilityVersion = "Xcode 14.0";
			developmentRegion = en;
			hasScannedForEncodings = 0;
			knownRegions = (
				en,
				Base,
			);
			mainGroup = 8D5C0B6F2A5D3A6400AC89B5;
			packageReferences = (
				8D2EAAED2A5D5CB200684127 /* XCRemoteSwiftPackageReference "firebase-ios-sdk" */,
			);
			productRefGroup = 8D5C0B792A5D3A6400AC89B5 /* Products */;
			projectDirPath = "";
			projectRoot = "";
			targets = (
				8D5C0B772A5D3A6400AC89B5 /* PunchClock */,
			);
		};
/* End PBXProject section */

/* Begin PBXResourcesBuildPhase section */
		8D5C0B762A5D3A6400AC89B5 /* Resources */ = {
			isa = PBXResourcesBuildPhase;
			buildActionMask = 2147483647;
			files = (
				8D2EAAF92A5D67B100684127 /* GoogleService-Info.plist in Resources */,
				8D5C0B882A5D3A6500AC89B5 /* LaunchScreen.storyboard in Resources */,
				8D5C0B852A5D3A6500AC89B5 /* Assets.xcassets in Resources */,
				8D5C0B832A5D3A6400AC89B5 /* Main.storyboard in Resources */,
			);
			runOnlyForDeploymentPostprocessing = 0;
		};
/* End PBXResourcesBuildPhase section */

/* Begin PBXSourcesBuildPhase section */
		8D5C0B742A5D3A6400AC89B5 /* Sources */ = {
			isa = PBXSourcesBuildPhase;
			buildActionMask = 2147483647;
			files = (
				8D5C0B902A5D3AA900AC89B5 /* MainViewController.swift in Sources */,
				8D2EAB0B2A6005C900684127 /* RecordListViewController.swift in Sources */,
				8D2F70502A6798E200348082 /* UIView+Extension.swift in Sources */,
				8D3997492A6F67F400124000 /* SettingTableViewController.swift in Sources */,
				8D2F704E2A677F1100348082 /* LocationService.swift in Sources */,
				8D3BA63E2A6D785A0040CF4E /* Quote.swift in Sources */,
				8D2EAAF32A5D5EF700684127 /* FirestoreManager.swift in Sources */,
				8D2EAB092A60016900684127 /* SettingViewModel.swift in Sources */,
				8D5C0B922A5D3ACB00AC89B5 /* LogInManager.swift in Sources */,
				8D2EAAF72A5D65DC00684127 /* TimeRecord.swift in Sources */,
				8D2EAAFB2A5E7F1600684127 /* Month.swift in Sources */,
				8D3BA6412A6D7AC20040CF4E /* RecordsType.swift in Sources */,
				8D5C0B7C2A5D3A6400AC89B5 /* AppDelegate.swift in Sources */,
				8D2EAB052A5FD7B400684127 /* RecordListViewModel.swift in Sources */,
				8D2EAAF52A5D612800684127 /* String+Extension.swift in Sources */,
				8D5C0B7E2A5D3A6400AC89B5 /* SceneDelegate.swift in Sources */,
				8D30460C2A6D069A00AB0C43 /* ShapeBg.swift in Sources */,
				8D2EAB072A5FEF6A00684127 /* PunchClockViewModel.swift in Sources */,
				8D3997512A71284A00124000 /* UIColor+extension.swift in Sources */,
				8D36D9CA2A725FEE00502697 /* timeButton.swift in Sources */,
				8D2EAAFD2A5E92D900684127 /* Date+Extension.swift in Sources */,
				8D39974F2A70F93A00124000 /* UIButton+Extension.swift in Sources */,
			);
			runOnlyForDeploymentPostprocessing = 0;
		};
/* End PBXSourcesBuildPhase section */

/* Begin PBXVariantGroup section */
		8D5C0B812A5D3A6400AC89B5 /* Main.storyboard */ = {
			isa = PBXVariantGroup;
			children = (
				8D5C0B822A5D3A6400AC89B5 /* Base */,
			);
			name = Main.storyboard;
			sourceTree = "<group>";
		};
		8D5C0B862A5D3A6500AC89B5 /* LaunchScreen.storyboard */ = {
			isa = PBXVariantGroup;
			children = (
				8D5C0B872A5D3A6500AC89B5 /* Base */,
			);
			name = LaunchScreen.storyboard;
			sourceTree = "<group>";
		};
/* End PBXVariantGroup section */

/* Begin XCBuildConfiguration section */
		8D5C0B8A2A5D3A6500AC89B5 /* Debug */ = {
			isa = XCBuildConfiguration;
			buildSettings = {
				ALWAYS_SEARCH_USER_PATHS = NO;
				CLANG_ANALYZER_NONNULL = YES;
				CLANG_ANALYZER_NUMBER_OBJECT_CONVERSION = YES_AGGRESSIVE;
				CLANG_CXX_LANGUAGE_STANDARD = "gnu++20";
				CLANG_ENABLE_MODULES = YES;
				CLANG_ENABLE_OBJC_ARC = YES;
				CLANG_ENABLE_OBJC_WEAK = YES;
				CLANG_WARN_BLOCK_CAPTURE_AUTORELEASING = YES;
				CLANG_WARN_BOOL_CONVERSION = YES;
				CLANG_WARN_COMMA = YES;
				CLANG_WARN_CONSTANT_CONVERSION = YES;
				CLANG_WARN_DEPRECATED_OBJC_IMPLEMENTATIONS = YES;
				CLANG_WARN_DIRECT_OBJC_ISA_USAGE = YES_ERROR;
				CLANG_WARN_DOCUMENTATION_COMMENTS = YES;
				CLANG_WARN_EMPTY_BODY = YES;
				CLANG_WARN_ENUM_CONVERSION = YES;
				CLANG_WARN_INFINITE_RECURSION = YES;
				CLANG_WARN_INT_CONVERSION = YES;
				CLANG_WARN_NON_LITERAL_NULL_CONVERSION = YES;
				CLANG_WARN_OBJC_IMPLICIT_RETAIN_SELF = YES;
				CLANG_WARN_OBJC_LITERAL_CONVERSION = YES;
				CLANG_WARN_OBJC_ROOT_CLASS = YES_ERROR;
				CLANG_WARN_QUOTED_INCLUDE_IN_FRAMEWORK_HEADER = YES;
				CLANG_WARN_RANGE_LOOP_ANALYSIS = YES;
				CLANG_WARN_STRICT_PROTOTYPES = YES;
				CLANG_WARN_SUSPICIOUS_MOVE = YES;
				CLANG_WARN_UNGUARDED_AVAILABILITY = YES_AGGRESSIVE;
				CLANG_WARN_UNREACHABLE_CODE = YES;
				CLANG_WARN__DUPLICATE_METHOD_MATCH = YES;
				COPY_PHASE_STRIP = NO;
				DEBUG_INFORMATION_FORMAT = dwarf;
				ENABLE_STRICT_OBJC_MSGSEND = YES;
				ENABLE_TESTABILITY = YES;
				GCC_C_LANGUAGE_STANDARD = gnu11;
				GCC_DYNAMIC_NO_PIC = NO;
				GCC_NO_COMMON_BLOCKS = YES;
				GCC_OPTIMIZATION_LEVEL = 0;
				GCC_PREPROCESSOR_DEFINITIONS = (
					"DEBUG=1",
					"$(inherited)",
				);
				GCC_WARN_64_TO_32_BIT_CONVERSION = YES;
				GCC_WARN_ABOUT_RETURN_TYPE = YES_ERROR;
				GCC_WARN_UNDECLARED_SELECTOR = YES;
				GCC_WARN_UNINITIALIZED_AUTOS = YES_AGGRESSIVE;
				GCC_WARN_UNUSED_FUNCTION = YES;
				GCC_WARN_UNUSED_VARIABLE = YES;
				IPHONEOS_DEPLOYMENT_TARGET = 16.4;
				MTL_ENABLE_DEBUG_INFO = INCLUDE_SOURCE;
				MTL_FAST_MATH = YES;
				ONLY_ACTIVE_ARCH = YES;
				SDKROOT = iphoneos;
				SWIFT_ACTIVE_COMPILATION_CONDITIONS = DEBUG;
				SWIFT_OPTIMIZATION_LEVEL = "-Onone";
			};
			name = Debug;
		};
		8D5C0B8B2A5D3A6500AC89B5 /* Release */ = {
			isa = XCBuildConfiguration;
			buildSettings = {
				ALWAYS_SEARCH_USER_PATHS = NO;
				CLANG_ANALYZER_NONNULL = YES;
				CLANG_ANALYZER_NUMBER_OBJECT_CONVERSION = YES_AGGRESSIVE;
				CLANG_CXX_LANGUAGE_STANDARD = "gnu++20";
				CLANG_ENABLE_MODULES = YES;
				CLANG_ENABLE_OBJC_ARC = YES;
				CLANG_ENABLE_OBJC_WEAK = YES;
				CLANG_WARN_BLOCK_CAPTURE_AUTORELEASING = YES;
				CLANG_WARN_BOOL_CONVERSION = YES;
				CLANG_WARN_COMMA = YES;
				CLANG_WARN_CONSTANT_CONVERSION = YES;
				CLANG_WARN_DEPRECATED_OBJC_IMPLEMENTATIONS = YES;
				CLANG_WARN_DIRECT_OBJC_ISA_USAGE = YES_ERROR;
				CLANG_WARN_DOCUMENTATION_COMMENTS = YES;
				CLANG_WARN_EMPTY_BODY = YES;
				CLANG_WARN_ENUM_CONVERSION = YES;
				CLANG_WARN_INFINITE_RECURSION = YES;
				CLANG_WARN_INT_CONVERSION = YES;
				CLANG_WARN_NON_LITERAL_NULL_CONVERSION = YES;
				CLANG_WARN_OBJC_IMPLICIT_RETAIN_SELF = YES;
				CLANG_WARN_OBJC_LITERAL_CONVERSION = YES;
				CLANG_WARN_OBJC_ROOT_CLASS = YES_ERROR;
				CLANG_WARN_QUOTED_INCLUDE_IN_FRAMEWORK_HEADER = YES;
				CLANG_WARN_RANGE_LOOP_ANALYSIS = YES;
				CLANG_WARN_STRICT_PROTOTYPES = YES;
				CLANG_WARN_SUSPICIOUS_MOVE = YES;
				CLANG_WARN_UNGUARDED_AVAILABILITY = YES_AGGRESSIVE;
				CLANG_WARN_UNREACHABLE_CODE = YES;
				CLANG_WARN__DUPLICATE_METHOD_MATCH = YES;
				COPY_PHASE_STRIP = NO;
				DEBUG_INFORMATION_FORMAT = "dwarf-with-dsym";
				ENABLE_NS_ASSERTIONS = NO;
				ENABLE_STRICT_OBJC_MSGSEND = YES;
				GCC_C_LANGUAGE_STANDARD = gnu11;
				GCC_NO_COMMON_BLOCKS = YES;
				GCC_WARN_64_TO_32_BIT_CONVERSION = YES;
				GCC_WARN_ABOUT_RETURN_TYPE = YES_ERROR;
				GCC_WARN_UNDECLARED_SELECTOR = YES;
				GCC_WARN_UNINITIALIZED_AUTOS = YES_AGGRESSIVE;
				GCC_WARN_UNUSED_FUNCTION = YES;
				GCC_WARN_UNUSED_VARIABLE = YES;
				IPHONEOS_DEPLOYMENT_TARGET = 16.4;
				MTL_ENABLE_DEBUG_INFO = NO;
				MTL_FAST_MATH = YES;
				SDKROOT = iphoneos;
				SWIFT_COMPILATION_MODE = wholemodule;
				SWIFT_OPTIMIZATION_LEVEL = "-O";
				VALIDATE_PRODUCT = YES;
			};
			name = Release;
		};
		8D5C0B8D2A5D3A6500AC89B5 /* Debug */ = {
			isa = XCBuildConfiguration;
			buildSettings = {
				ASSETCATALOG_COMPILER_APPICON_NAME = AppIcon;
				ASSETCATALOG_COMPILER_GLOBAL_ACCENT_COLOR_NAME = AccentColor;
				CODE_SIGN_ENTITLEMENTS = PunchClock/PunchClock.entitlements;
				CODE_SIGN_IDENTITY = "Apple Development";
				CODE_SIGN_STYLE = Automatic;
				CURRENT_PROJECT_VERSION = 1;
				DEVELOPMENT_TEAM = 9A828DBKJV;
				GENERATE_INFOPLIST_FILE = YES;
				INFOPLIST_FILE = PunchClock/Info.plist;
				INFOPLIST_KEY_NSLocationAlwaysAndWhenInUseUsageDescription = "";
				INFOPLIST_KEY_UIApplicationSupportsIndirectInputEvents = YES;
				INFOPLIST_KEY_UILaunchStoryboardName = LaunchScreen;
				INFOPLIST_KEY_UIMainStoryboardFile = Main;
				INFOPLIST_KEY_UISupportedInterfaceOrientations_iPad = "UIInterfaceOrientationPortrait UIInterfaceOrientationPortraitUpsideDown UIInterfaceOrientationLandscapeLeft UIInterfaceOrientationLandscapeRight";
				INFOPLIST_KEY_UISupportedInterfaceOrientations_iPhone = "UIInterfaceOrientationPortrait UIInterfaceOrientationLandscapeLeft UIInterfaceOrientationLandscapeRight";
				IPHONEOS_DEPLOYMENT_TARGET = 14.2;
				LD_RUNPATH_SEARCH_PATHS = (
					"$(inherited)",
					"@executable_path/Frameworks",
				);
				MARKETING_VERSION = 1.0;
				PRODUCT_BUNDLE_IDENTIFIER = com.jubehuang.pc;
				PRODUCT_NAME = "$(TARGET_NAME)";
				PROVISIONING_PROFILE_SPECIFIER = "";
				SWIFT_EMIT_LOC_STRINGS = YES;
				SWIFT_VERSION = 5.0;
				TARGETED_DEVICE_FAMILY = "1,2";
			};
			name = Debug;
		};
		8D5C0B8E2A5D3A6500AC89B5 /* Release */ = {
			isa = XCBuildConfiguration;
			buildSettings = {
				ASSETCATALOG_COMPILER_APPICON_NAME = AppIcon;
				ASSETCATALOG_COMPILER_GLOBAL_ACCENT_COLOR_NAME = AccentColor;
				CODE_SIGN_ENTITLEMENTS = PunchClock/PunchClock.entitlements;
				CODE_SIGN_IDENTITY = "Apple Development";
				CODE_SIGN_STYLE = Automatic;
				CURRENT_PROJECT_VERSION = 1;
				DEVELOPMENT_TEAM = 9A828DBKJV;
				GENERATE_INFOPLIST_FILE = YES;
				INFOPLIST_FILE = PunchClock/Info.plist;
				INFOPLIST_KEY_NSLocationAlwaysAndWhenInUseUsageDescription = "";
				INFOPLIST_KEY_UIApplicationSupportsIndirectInputEvents = YES;
				INFOPLIST_KEY_UILaunchStoryboardName = LaunchScreen;
				INFOPLIST_KEY_UIMainStoryboardFile = Main;
				INFOPLIST_KEY_UISupportedInterfaceOrientations_iPad = "UIInterfaceOrientationPortrait UIInterfaceOrientationPortraitUpsideDown UIInterfaceOrientationLandscapeLeft UIInterfaceOrientationLandscapeRight";
				INFOPLIST_KEY_UISupportedInterfaceOrientations_iPhone = "UIInterfaceOrientationPortrait UIInterfaceOrientationLandscapeLeft UIInterfaceOrientationLandscapeRight";
				IPHONEOS_DEPLOYMENT_TARGET = 14.2;
				LD_RUNPATH_SEARCH_PATHS = (
					"$(inherited)",
					"@executable_path/Frameworks",
				);
				MARKETING_VERSION = 1.0;
				PRODUCT_BUNDLE_IDENTIFIER = com.jubehuang.pc;
				PRODUCT_NAME = "$(TARGET_NAME)";
				PROVISIONING_PROFILE_SPECIFIER = "";
				SWIFT_EMIT_LOC_STRINGS = YES;
				SWIFT_VERSION = 5.0;
				TARGETED_DEVICE_FAMILY = "1,2";
			};
			name = Release;
		};
/* End XCBuildConfiguration section */

/* Begin XCConfigurationList section */
		8D5C0B732A5D3A6400AC89B5 /* Build configuration list for PBXProject "PunchClock" */ = {
			isa = XCConfigurationList;
			buildConfigurations = (
				8D5C0B8A2A5D3A6500AC89B5 /* Debug */,
				8D5C0B8B2A5D3A6500AC89B5 /* Release */,
			);
			defaultConfigurationIsVisible = 0;
			defaultConfigurationName = Release;
		};
		8D5C0B8C2A5D3A6500AC89B5 /* Build configuration list for PBXNativeTarget "PunchClock" */ = {
			isa = XCConfigurationList;
			buildConfigurations = (
				8D5C0B8D2A5D3A6500AC89B5 /* Debug */,
				8D5C0B8E2A5D3A6500AC89B5 /* Release */,
			);
			defaultConfigurationIsVisible = 0;
			defaultConfigurationName = Release;
		};
/* End XCConfigurationList section */

/* Begin XCRemoteSwiftPackageReference section */
		8D2EAAED2A5D5CB200684127 /* XCRemoteSwiftPackageReference "firebase-ios-sdk" */ = {
			isa = XCRemoteSwiftPackageReference;
			repositoryURL = "https://github.com/firebase/firebase-ios-sdk";
			requirement = {
				kind = upToNextMajorVersion;
				minimumVersion = 10.0.0;
			};
		};
/* End XCRemoteSwiftPackageReference section */

/* Begin XCSwiftPackageProductDependency section */
		8D2EAAEE2A5D5CB200684127 /* FirebaseFirestore */ = {
			isa = XCSwiftPackageProductDependency;
			package = 8D2EAAED2A5D5CB200684127 /* XCRemoteSwiftPackageReference "firebase-ios-sdk" */;
			productName = FirebaseFirestore;
		};
		8D2EAAF02A5D5CB200684127 /* FirebaseFirestoreSwift */ = {
			isa = XCSwiftPackageProductDependency;
			package = 8D2EAAED2A5D5CB200684127 /* XCRemoteSwiftPackageReference "firebase-ios-sdk" */;
			productName = FirebaseFirestoreSwift;
		};
/* End XCSwiftPackageProductDependency section */
	};
	rootObject = 8D5C0B702A5D3A6400AC89B5 /* Project object */;
}
